
Microsoft Visual Studio Solution File, Format Version 12.00
# Visual Studio Version 17
VisualStudioVersion = 17.8.34525.116
MinimumVisualStudioVersion = 10.0.40219.1
Project("{FAE04EC0-301F-11D3-BF4B-00C04F79EFBC}") = "JmCalculadoraMobile", "JmCalculadoraMobile.csproj", "{05A3E33E-7C4C-4824-BF25-9C7617E5029D}"
EndProject
Global
	GlobalSection(SolutionConfigurationPlatforms) = preSolution
		Debug|Any CPU = Debug|Any CPU
		Release|Any CPU = Release|Any CPU
	EndGlobalSection
	GlobalSection(ProjectConfigurationPlatforms) = postSolution
		{05A3E33E-7C4C-4824-BF25-9C7617E5029D}.Debug|Any CPU.ActiveCfg = Debug|Any CPU
		{05A3E33E-7C4C-4824-BF25-9C7617E5029D}.Debug|Any CPU.Build.0 = Debug|Any CPU
		{05A3E33E-7C4C-4824-BF25-9C7617E5029D}.Debug|Any CPU.Deploy.0 = Debug|Any CPU
		{05A3E33E-7C4C-4824-BF25-9C7617E5029D}.Release|Any CPU.ActiveCfg = Release|Any CPU
		{05A3E33E-7C4C-4824-BF25-9C7617E5029D}.Release|Any CPU.Build.0 = Release|Any CPU
		{05A3E33E-7C4C-4824-BF25-9C7617E5029D}.Release|Any CPU.Deploy.0 = Release|Any CPU
	EndGlobalSection
	GlobalSection(SolutionProperties) = preSolution
		HideSolutionNode = FALSE
	EndGlobalSection
	GlobalSection(ExtensibilityGlobals) = postSolution
		SolutionGuid = {F751E75F-FD07-4798-B380-D9B3E385D418}
	EndGlobalSection
EndGlobal
